
Microsoft Visual Studio Solution File, Format Version 12.00
# Visual Studio Version 17
VisualStudioVersion = 17.0.31903.59
MinimumVisualStudioVersion = 10.0.40219.1
Project("{2150E333-8FDC-42A3-9474-1A3956D46DE8}") = "src", "src", "{9DCFD3B3-2502-4CAA-90B3-5D9DFB632E8A}"
EndProject
Project("{FAE04EC0-301F-11D3-BF4B-00C04F79EFBC}") = "Todo.Api", "src\Todo.Api\Todo.Api.csproj", "{C4D2F878-67FF-45DE-8B7F-1F35BE8ADB9F}"
EndProject
Project("{FAE04EC0-301F-11D3-BF4B-00C04F79EFBC}") = "Todo.Application", "src\Todo.Application\Todo.Application.csproj", "{E8AF861A-6205-4176-B86F-33F96913D4EF}"
EndProject
Project("{FAE04EC0-301F-11D3-BF4B-00C04F79EFBC}") = "Todo.Domain", "src\Todo.Domain\Todo.Domain.csproj", "{C2203D32-459C-46E0-8FAB-3A50DB038C18}"
EndProject
Project("{FAE04EC0-301F-11D3-BF4B-00C04F79EFBC}") = "Todo.Infrastructure", "src\Todo.Infrastructure\Todo.Infrastructure.csproj", "{122400D6-0515-415F-804D-E88103624B48}"
EndProject
Project("{FAE04EC0-301F-11D3-BF4B-00C04F79EFBC}") = "Todo.IntegrationEvents", "src\Todo.IntegrationEvents\Todo.IntegrationEvents.csproj", "{A6253795-AE45-456A-825A-849D388063FA}"
EndProject
Project("{E53339B2-1760-4266-BCC7-CA923CBCF16C}") = "docker-compose", "docker-compose.dcproj", "{53BA1636-7818-426B-8D0F-DE057A1D27A0}"
EndProject
Project("{2150E333-8FDC-42A3-9474-1A3956D46DE8}") = "test", "test", "{191735E9-4F4B-4C0E-A430-A1BCF5ECA520}"
EndProject
Project("{FAE04EC0-301F-11D3-BF4B-00C04F79EFBC}") = "Todo.ArchitectureTests", "..\Todo.ArchitectureTest\Todo.ArchitectureTests.csproj", "{4A584D03-B51E-4FEA-9C85-6B0DB8741CBE}"
EndProject
Global
	GlobalSection(SolutionConfigurationPlatforms) = preSolution
		Debug|Any CPU = Debug|Any CPU
		Release|Any CPU = Release|Any CPU
	EndGlobalSection
	GlobalSection(ProjectConfigurationPlatforms) = postSolution
		{C4D2F878-67FF-45DE-8B7F-1F35BE8ADB9F}.Debug|Any CPU.ActiveCfg = Debug|Any CPU
		{C4D2F878-67FF-45DE-8B7F-1F35BE8ADB9F}.Debug|Any CPU.Build.0 = Debug|Any CPU
		{C4D2F878-67FF-45DE-8B7F-1F35BE8ADB9F}.Release|Any CPU.ActiveCfg = Release|Any CPU
		{C4D2F878-67FF-45DE-8B7F-1F35BE8ADB9F}.Release|Any CPU.Build.0 = Release|Any CPU
		{E8AF861A-6205-4176-B86F-33F96913D4EF}.Debug|Any CPU.ActiveCfg = Debug|Any CPU
		{E8AF861A-6205-4176-B86F-33F96913D4EF}.Debug|Any CPU.Build.0 = Debug|Any CPU
		{E8AF861A-6205-4176-B86F-33F96913D4EF}.Release|Any CPU.ActiveCfg = Release|Any CPU
		{E8AF861A-6205-4176-B86F-33F96913D4EF}.Release|Any CPU.Build.0 = Release|Any CPU
		{C2203D32-459C-46E0-8FAB-3A50DB038C18}.Debug|Any CPU.ActiveCfg = Debug|Any CPU
		{C2203D32-459C-46E0-8FAB-3A50DB038C18}.Debug|Any CPU.Build.0 = Debug|Any CPU
		{C2203D32-459C-46E0-8FAB-3A50DB038C18}.Release|Any CPU.ActiveCfg = Release|Any CPU
		{C2203D32-459C-46E0-8FAB-3A50DB038C18}.Release|Any CPU.Build.0 = Release|Any CPU
		{122400D6-0515-415F-804D-E88103624B48}.Debug|Any CPU.ActiveCfg = Debug|Any CPU
		{122400D6-0515-415F-804D-E88103624B48}.Debug|Any CPU.Build.0 = Debug|Any CPU
		{122400D6-0515-415F-804D-E88103624B48}.Release|Any CPU.ActiveCfg = Release|Any CPU
		{122400D6-0515-415F-804D-E88103624B48}.Release|Any CPU.Build.0 = Release|Any CPU
		{A6253795-AE45-456A-825A-849D388063FA}.Debug|Any CPU.ActiveCfg = Debug|Any CPU
		{A6253795-AE45-456A-825A-849D388063FA}.Debug|Any CPU.Build.0 = Debug|Any CPU
		{A6253795-AE45-456A-825A-849D388063FA}.Release|Any CPU.ActiveCfg = Release|Any CPU
		{A6253795-AE45-456A-825A-849D388063FA}.Release|Any CPU.Build.0 = Release|Any CPU
		{53BA1636-7818-426B-8D0F-DE057A1D27A0}.Debug|Any CPU.ActiveCfg = Debug|Any CPU
		{53BA1636-7818-426B-8D0F-DE057A1D27A0}.Debug|Any CPU.Build.0 = Debug|Any CPU
		{53BA1636-7818-426B-8D0F-DE057A1D27A0}.Release|Any CPU.ActiveCfg = Release|Any CPU
		{53BA1636-7818-426B-8D0F-DE057A1D27A0}.Release|Any CPU.Build.0 = Release|Any CPU
		{4A584D03-B51E-4FEA-9C85-6B0DB8741CBE}.Debug|Any CPU.ActiveCfg = Debug|Any CPU
		{4A584D03-B51E-4FEA-9C85-6B0DB8741CBE}.Debug|Any CPU.Build.0 = Debug|Any CPU
		{4A584D03-B51E-4FEA-9C85-6B0DB8741CBE}.Release|Any CPU.ActiveCfg = Release|Any CPU
		{4A584D03-B51E-4FEA-9C85-6B0DB8741CBE}.Release|Any CPU.Build.0 = Release|Any CPU
	EndGlobalSection
	GlobalSection(SolutionProperties) = preSolution
		HideSolutionNode = FALSE
	EndGlobalSection
	GlobalSection(NestedProjects) = preSolution
		{C4D2F878-67FF-45DE-8B7F-1F35BE8ADB9F} = {9DCFD3B3-2502-4CAA-90B3-5D9DFB632E8A}
		{E8AF861A-6205-4176-B86F-33F96913D4EF} = {9DCFD3B3-2502-4CAA-90B3-5D9DFB632E8A}
		{C2203D32-459C-46E0-8FAB-3A50DB038C18} = {9DCFD3B3-2502-4CAA-90B3-5D9DFB632E8A}
		{122400D6-0515-415F-804D-E88103624B48} = {9DCFD3B3-2502-4CAA-90B3-5D9DFB632E8A}
		{A6253795-AE45-456A-825A-849D388063FA} = {9DCFD3B3-2502-4CAA-90B3-5D9DFB632E8A}
		{4A584D03-B51E-4FEA-9C85-6B0DB8741CBE} = {191735E9-4F4B-4C0E-A430-A1BCF5ECA520}
	EndGlobalSection
EndGlobal
